{
  "name": "bee.ahk",
  "version": "0.0.0",
  "lockfileVersion": 2,
  "requires": true,
  "packages": {
    "": {
      "version": "0.0.0",
      "license": "MIT",
      "devDependencies": {
        "experimental-autohotkey-testframework": "github:zero-plusplus/experimental-autohotkey-testframework#develop"
      }
    },
    "node_modules/experimental-autohotkey-testframework": {
      "version": "0.0.0",
      "resolved": "git+ssh://git@github.com/zero-plusplus/experimental-autohotkey-testframework.git#51423eca9ae80e57a66bd7e894161472a8a3b91e",
      "dev": true,
      "license": "MIT"
    }
  },
  "dependencies": {
    "experimental-autohotkey-testframework": {
      "version": "git+ssh://git@github.com/zero-plusplus/experimental-autohotkey-testframework.git#51423eca9ae80e57a66bd7e894161472a8a3b91e",
      "dev": true,
      "from": "experimental-autohotkey-testframework@git+https://github.com/zero-plusplus/experimental-autohotkey-testframework.git#develop"
    }
  }
}
